{
    "version": 3,
    "terraform_version": "0.7.10",
    "serial": 2,
    "lineage": "deeb2215-1146-4af2-bd30-e503b04d66e8",
    "modules": [
        {
            "path": [
                "root"
            ],
            "outputs": {
                "inventory": {
                    "sensitive": false,
                    "type": "string",
                    "value": "\n[controller]\nfe01demo  ansible_host=172.31.6.142\n\n\n[computes]\nfe01demo  ansible_host=172.31.6.148\n\nfe02demo  ansible_host=172.31.6.147\n\nfe03demo  ansible_host=172.31.6.149\n\n\n[stack_nodes:children]\ncontroller\ncomputes\n\n\n\n"
                }
            },
            "resources": {
                "openstack_compute_floatingip_v2.comp_fip.0": {
                    "type": "openstack_compute_floatingip_v2",
                    "depends_on": [],
                    "primary": {
                        "id": "ff548983-7938-407e-8f13-fef9177cc630",
                        "attributes": {
                            "address": "172.31.6.148",
                            "fixed_ip": "",
                            "id": "ff548983-7938-407e-8f13-fef9177cc630",
                            "instance_id": "",
                            "pool": "admin_floating_net"
                        },
                        "meta": {},
                        "tainted": false
                    },
                    "deposed": [],
                    "provider": ""
                },
                "openstack_compute_floatingip_v2.comp_fip.1": {
                    "type": "openstack_compute_floatingip_v2",
                    "depends_on": [],
                    "primary": {
                        "id": "d8fef86e-d852-4a00-9816-85d9ce0cf80c",
                        "attributes": {
                            "address": "172.31.6.147",
                            "fixed_ip": "",
                            "id": "d8fef86e-d852-4a00-9816-85d9ce0cf80c",
                            "instance_id": "",
                            "pool": "admin_floating_net"
                        },
                        "meta": {},
                        "tainted": false
                    },
                    "deposed": [],
                    "provider": ""
                },
                "openstack_compute_floatingip_v2.comp_fip.2": {
                    "type": "openstack_compute_floatingip_v2",
                    "depends_on": [],
                    "primary": {
                        "id": "c3943a0a-8a6a-4453-b793-52ac88dcf603",
                        "attributes": {
                            "address": "172.31.6.149",
                            "fixed_ip": "",
                            "id": "c3943a0a-8a6a-4453-b793-52ac88dcf603",
                            "instance_id": "",
                            "pool": "admin_floating_net"
                        },
                        "meta": {},
                        "tainted": false
                    },
                    "deposed": [],
                    "provider": ""
                },
                "openstack_compute_floatingip_v2.ctrl_fip": {
                    "type": "openstack_compute_floatingip_v2",
                    "depends_on": [],
                    "primary": {
                        "id": "b657402c-e252-4021-8bbc-22b40adb10c8",
                        "attributes": {
                            "address": "172.31.6.142",
                            "fixed_ip": "",
                            "id": "b657402c-e252-4021-8bbc-22b40adb10c8",
                            "instance_id": "",
                            "pool": "admin_floating_net"
                        },
                        "meta": {},
                        "tainted": false
                    },
                    "deposed": [],
                    "provider": ""
                },
                "openstack_compute_instance_v2.comp_romana.0": {
                    "type": "openstack_compute_instance_v2",
                    "depends_on": [
                        "openstack_compute_floatingip_v2.comp_fip"
                    ],
                    "primary": {
                        "id": "459b67e7-1a4e-4811-aa4c-78125e83548b",
                        "attributes": {
                            "access_ip_v4": "172.31.6.148",
                            "access_ip_v6": "",
                            "flavor_id": "2",
                            "flavor_name": "m1.small",
                            "floating_ip": "172.31.6.148",
                            "id": "459b67e7-1a4e-4811-aa4c-78125e83548b",
                            "image_id": "7129fb44-a239-458c-a45f-f93342ed458c",
                            "image_name": "trusty-cldimg",
                            "key_pair": "son-ift-ptin",
                            "metadata.%": "0",
                            "name": "comp-vm00",
                            "network.#": "1",
                            "network.0.access_network": "false",
                            "network.0.fixed_ip_v4": "192.168.246.204",
                            "network.0.fixed_ip_v6": "",
                            "network.0.floating_ip": "172.31.6.148",
                            "network.0.mac": "fa:16:3e:46:c9:9a",
                            "network.0.name": "son-demo-netw",
                            "network.0.port": "",
                            "network.0.uuid": "cffedbd8-e2a5-4cc3-92f9-0ce5259e4d31",
                            "security_groups.#": "1",
                            "security_groups.1075661425": "son-demo-secgrp",
                            "stop_before_destroy": "false",
                            "user_data": "e0e6af32f6dd9f2a0fbea6f5df7a9cd1d49c4737",
                            "volume.#": "0"
                        },
                        "meta": {},
                        "tainted": false
                    },
                    "deposed": [],
                    "provider": ""
                },
                "openstack_compute_instance_v2.comp_romana.1": {
                    "type": "openstack_compute_instance_v2",
                    "depends_on": [
                        "openstack_compute_floatingip_v2.comp_fip"
                    ],
                    "primary": {
                        "id": "06d12d55-ce87-46cf-9da2-386ab4d29fb2",
                        "attributes": {
                            "access_ip_v4": "172.31.6.147",
                            "access_ip_v6": "",
                            "flavor_id": "2",
                            "flavor_name": "m1.small",
                            "floating_ip": "172.31.6.147",
                            "id": "06d12d55-ce87-46cf-9da2-386ab4d29fb2",
                            "image_id": "7129fb44-a239-458c-a45f-f93342ed458c",
                            "image_name": "trusty-cldimg",
                            "key_pair": "son-ift-ptin",
                            "metadata.%": "0",
                            "name": "comp-vm01",
                            "network.#": "1",
                            "network.0.access_network": "false",
                            "network.0.fixed_ip_v4": "192.168.246.206",
                            "network.0.fixed_ip_v6": "",
                            "network.0.floating_ip": "172.31.6.147",
                            "network.0.mac": "fa:16:3e:c5:c6:6e",
                            "network.0.name": "son-demo-netw",
                            "network.0.port": "",
                            "network.0.uuid": "cffedbd8-e2a5-4cc3-92f9-0ce5259e4d31",
                            "security_groups.#": "1",
                            "security_groups.1075661425": "son-demo-secgrp",
                            "stop_before_destroy": "false",
                            "user_data": "e0e6af32f6dd9f2a0fbea6f5df7a9cd1d49c4737",
                            "volume.#": "0"
                        },
                        "meta": {},
                        "tainted": false
                    },
                    "deposed": [],
                    "provider": ""
                },
                "openstack_compute_instance_v2.comp_romana.2": {
                    "type": "openstack_compute_instance_v2",
                    "depends_on": [
                        "openstack_compute_floatingip_v2.comp_fip"
                    ],
                    "primary": {
                        "id": "2028f67c-580c-4896-8133-e02ee27f71c1",
                        "attributes": {
                            "access_ip_v4": "172.31.6.149",
                            "access_ip_v6": "",
                            "flavor_id": "2",
                            "flavor_name": "m1.small",
                            "floating_ip": "172.31.6.149",
                            "id": "2028f67c-580c-4896-8133-e02ee27f71c1",
                            "image_id": "7129fb44-a239-458c-a45f-f93342ed458c",
                            "image_name": "trusty-cldimg",
                            "key_pair": "son-ift-ptin",
                            "metadata.%": "0",
                            "name": "comp-vm02",
                            "network.#": "1",
                            "network.0.access_network": "false",
                            "network.0.fixed_ip_v4": "192.168.246.205",
                            "network.0.fixed_ip_v6": "",
                            "network.0.floating_ip": "172.31.6.149",
                            "network.0.mac": "fa:16:3e:bd:21:56",
                            "network.0.name": "son-demo-netw",
                            "network.0.port": "",
                            "network.0.uuid": "cffedbd8-e2a5-4cc3-92f9-0ce5259e4d31",
                            "security_groups.#": "1",
                            "security_groups.1075661425": "son-demo-secgrp",
                            "stop_before_destroy": "false",
                            "user_data": "e0e6af32f6dd9f2a0fbea6f5df7a9cd1d49c4737",
                            "volume.#": "0"
                        },
                        "meta": {},
                        "tainted": false
                    },
                    "deposed": [],
                    "provider": ""
                },
                "openstack_compute_instance_v2.ctrl_romana": {
                    "type": "openstack_compute_instance_v2",
                    "depends_on": [
                        "openstack_compute_floatingip_v2.ctrl_fip"
                    ],
                    "primary": {
                        "id": "c5c022f0-6a8c-47a5-ab36-14a0aa2389b0",
                        "attributes": {
                            "access_ip_v4": "172.31.6.142",
                            "access_ip_v6": "",
                            "flavor_id": "2",
                            "flavor_name": "m1.small",
                            "floating_ip": "172.31.6.142",
                            "id": "c5c022f0-6a8c-47a5-ab36-14a0aa2389b0",
                            "image_id": "7129fb44-a239-458c-a45f-f93342ed458c",
                            "image_name": "trusty-cldimg",
                            "key_pair": "son-ift-ptin",
                            "metadata.%": "0",
                            "name": "ctrl-vm00",
                            "network.#": "1",
                            "network.0.access_network": "false",
                            "network.0.fixed_ip_v4": "192.168.246.203",
                            "network.0.fixed_ip_v6": "",
                            "network.0.floating_ip": "172.31.6.142",
                            "network.0.mac": "fa:16:3e:de:5f:ef",
                            "network.0.name": "son-demo-netw",
                            "network.0.port": "",
                            "network.0.uuid": "cffedbd8-e2a5-4cc3-92f9-0ce5259e4d31",
                            "security_groups.#": "1",
                            "security_groups.1075661425": "son-demo-secgrp",
                            "stop_before_destroy": "false",
                            "user_data": "e0e6af32f6dd9f2a0fbea6f5df7a9cd1d49c4737",
                            "volume.#": "0"
                        },
                        "meta": {},
                        "tainted": false
                    },
                    "deposed": [],
                    "provider": ""
                },
                "template_file.comp_hosts.0": {
                    "type": "template_file",
                    "depends_on": [
                        "openstack_compute_floatingip_v2.comp_fip"
                    ],
                    "primary": {
                        "id": "72fe969df35da66b0e8a9ea26fc8c9cd924deee572f826ccdfd77606235cb586",
                        "attributes": {
                            "id": "72fe969df35da66b0e8a9ea26fc8c9cd924deee572f826ccdfd77606235cb586",
                            "rendered": "fe01demo  ansible_host=172.31.6.148\n",
                            "template": "${name}${format(\"%02s\",index)}${env} ${extra}\n",
                            "vars.%": "4",
                            "vars.env": "demo",
                            "vars.extra": " ansible_host=172.31.6.148",
                            "vars.index": "1",
                            "vars.name": "fe"
                        },
                        "meta": {},
                        "tainted": false
                    },
                    "deposed": [],
                    "provider": ""
                },
                "template_file.comp_hosts.1": {
                    "type": "template_file",
                    "depends_on": [
                        "openstack_compute_floatingip_v2.comp_fip"
                    ],
                    "primary": {
                        "id": "a19322b2ec25eb52784fd20bd3102c8447c1d3408905c27fb3e9411e0651f89b",
                        "attributes": {
                            "id": "a19322b2ec25eb52784fd20bd3102c8447c1d3408905c27fb3e9411e0651f89b",
                            "rendered": "fe02demo  ansible_host=172.31.6.147\n",
                            "template": "${name}${format(\"%02s\",index)}${env} ${extra}\n",
                            "vars.%": "4",
                            "vars.env": "demo",
                            "vars.extra": " ansible_host=172.31.6.147",
                            "vars.index": "2",
                            "vars.name": "fe"
                        },
                        "meta": {},
                        "tainted": false
                    },
                    "deposed": [],
                    "provider": ""
                },
                "template_file.comp_hosts.2": {
                    "type": "template_file",
                    "depends_on": [
                        "openstack_compute_floatingip_v2.comp_fip"
                    ],
                    "primary": {
                        "id": "af14b35895616ba3035acc82394c630ea0e0ab21c9a42dc7d1faf9bac28f7f3b",
                        "attributes": {
                            "id": "af14b35895616ba3035acc82394c630ea0e0ab21c9a42dc7d1faf9bac28f7f3b",
                            "rendered": "fe03demo  ansible_host=172.31.6.149\n",
                            "template": "${name}${format(\"%02s\",index)}${env} ${extra}\n",
                            "vars.%": "4",
                            "vars.env": "demo",
                            "vars.extra": " ansible_host=172.31.6.149",
                            "vars.index": "3",
                            "vars.name": "fe"
                        },
                        "meta": {},
                        "tainted": false
                    },
                    "deposed": [],
                    "provider": ""
                },
                "template_file.ctrl_hosts": {
                    "type": "template_file",
                    "depends_on": [
                        "openstack_compute_floatingip_v2.ctrl_fip"
                    ],
                    "primary": {
                        "id": "7f87f2c152f3f5558be70a462599d1bca7ed5d295978c47266e0878846489902",
                        "attributes": {
                            "id": "7f87f2c152f3f5558be70a462599d1bca7ed5d295978c47266e0878846489902",
                            "rendered": "fe01demo  ansible_host=172.31.6.142\n",
                            "template": "${name}${format(\"%02s\",index)}${env} ${extra}\n",
                            "vars.%": "4",
                            "vars.env": "demo",
                            "vars.extra": " ansible_host=172.31.6.142",
                            "vars.index": "1",
                            "vars.name": "fe"
                        },
                        "meta": {},
                        "tainted": false
                    },
                    "deposed": [],
                    "provider": ""
                },
                "template_file.inventory": {
                    "type": "template_file",
                    "depends_on": [
                        "template_file.comp_hosts",
                        "template_file.ctrl_hosts"
                    ],
                    "primary": {
                        "id": "8c79f17d07a13cccabb1c224ccc12815b2d6dff420bf890ab191a8eceb476ed9",
                        "attributes": {
                            "id": "8c79f17d07a13cccabb1c224ccc12815b2d6dff420bf890ab191a8eceb476ed9",
                            "rendered": "\n[controller]\nfe01demo  ansible_host=172.31.6.142\n\n\n[computes]\nfe01demo  ansible_host=172.31.6.148\n\nfe02demo  ansible_host=172.31.6.147\n\nfe03demo  ansible_host=172.31.6.149\n\n\n[stack_nodes:children]\ncontroller\ncomputes\n\n\n\n",
                            "template": "\n[controller]\n${ctrl_hosts}\n\n[computes]\n${comp_hosts}\n\n[stack_nodes:children]\ncontroller\ncomputes\n\n\n\n",
                            "vars.%": "3",
                            "vars.comp_hosts": "fe01demo  ansible_host=172.31.6.148\n\nfe02demo  ansible_host=172.31.6.147\n\nfe03demo  ansible_host=172.31.6.149\n",
                            "vars.ctrl_hosts": "fe01demo  ansible_host=172.31.6.142\n",
                            "vars.env": "demo"
                        },
                        "meta": {},
                        "tainted": false
                    },
                    "deposed": [],
                    "provider": ""
                }
            },
            "depends_on": []
        }
    ]
}
